
Microsoft Visual Studio Solution File, Format Version 12.00
# Visual Studio 15
VisualStudioVersion = 15.0.26430.6
MinimumVisualStudioVersion = 10.0.40219.1
Project("{2150E333-8FDC-42A3-9474-1A3956D46DE8}") = ".paket", ".paket", "{63297B98-5CED-492C-A5B7-A5B4F73CF142}"
	ProjectSection(SolutionItems) = preProject
		paket.dependencies = paket.dependencies
		paket.lock = paket.lock
	EndProjectSection
EndProject
Project("{2150E333-8FDC-42A3-9474-1A3956D46DE8}") = "docs", "docs", "{A6A6AF7D-D6E3-442D-9B1E-58CC91879BE1}"
EndProject
Project("{2150E333-8FDC-42A3-9474-1A3956D46DE8}") = "tools", "tools", "{83F16175-43B1-4C90-A1EE-8E351C33435D}"
	ProjectSection(SolutionItems) = preProject
		docs\tools\generate.fsx = docs\tools\generate.fsx
		docs\tools\templates\template.cshtml = docs\tools\templates\template.cshtml
	EndProjectSection
EndProject
Project("{2150E333-8FDC-42A3-9474-1A3956D46DE8}") = "content", "content", "{8E6D5255-776D-4B61-85F9-73C37AA1FB9A}"
	ProjectSection(SolutionItems) = preProject
		docs\content\index.fsx = docs\content\index.fsx
		docs\content\tutorial.fsx = docs\content\tutorial.fsx
	EndProjectSection
EndProject
Project("{2150E333-8FDC-42A3-9474-1A3956D46DE8}") = "project", "project", "{BF60BC93-E09B-4E5F-9D85-95A519479D54}"
	ProjectSection(SolutionItems) = preProject
		build.fsx = build.fsx
		CHANGELOG.md = CHANGELOG.md
		README.md = README.md
	EndProjectSection
EndProject
Project("{F2A71F9B-5D33-465A-A702-920D77279786}") = "Service", "src\Iris\Projects\Service\Service.fsproj", "{2704F49C-2E66-4923-A4C6-9E07B05FC017}"
EndProject
Project("{F2A71F9B-5D33-465A-A702-920D77279786}") = "Tests", "src\Iris\Projects\Tests\Tests.fsproj", "{D89C8286-2978-465B-89C9-8836A837C06B}"
EndProject
Project("{FAE04EC0-301F-11D3-BF4B-00C04F79EFBC}") = "Serialization", "src\Iris\Serialization.csproj", "{28C00774-1E73-4A75-AD8F-844CD21A064D}"
EndProject
Project("{F2A71F9B-5D33-465A-A702-920D77279786}") = "Core", "src\Iris\Projects\Core\Core.fsproj", "{7D6918E9-1494-41E9-9BEB-638616110A60}"
EndProject
Project("{F2A71F9B-5D33-465A-A702-920D77279786}") = "Nodes", "src\Iris\Projects\Nodes\Nodes.fsproj", "{FBFFB969-00ED-4568-8FD0-65A699AACA18}"
EndProject
Project("{F2A71F9B-5D33-465A-A702-920D77279786}") = "MockClient", "src\Iris\Projects\MockClient\MockClient.fsproj", "{46D46127-2623-465E-B51B-FC4BD1888A95}"
EndProject
Project("{F2A71F9B-5D33-465A-A702-920D77279786}") = "Sdk", "src\Iris\Projects\Sdk\Sdk.fsproj", "{845E1258-3D82-441F-A360-A3140873B9B4}"
EndProject
Project("{F2A71F9B-5D33-465A-A702-920D77279786}") = "UnityClient", "src\Unity\UnityClient\UnityClient.fsproj", "{85E871AD-0799-46F9-A613-7EE3A834E331}"
EndProject
Global
	GlobalSection(SolutionConfigurationPlatforms) = preSolution
		Debug|Any CPU = Debug|Any CPU
		Debug|x64 = Debug|x64
		Debug|x86 = Debug|x86
		Release|Any CPU = Release|Any CPU
		Release|x64 = Release|x64
		Release|x86 = Release|x86
		Release-NET35|Any CPU = Release-NET35|Any CPU
		Release-NET35|x64 = Release-NET35|x64
		Release-NET35|x86 = Release-NET35|x86
	EndGlobalSection
	GlobalSection(ProjectConfigurationPlatforms) = postSolution
		{2704F49C-2E66-4923-A4C6-9E07B05FC017}.Debug|Any CPU.ActiveCfg = Debug|x64
		{2704F49C-2E66-4923-A4C6-9E07B05FC017}.Debug|Any CPU.Build.0 = Debug|x64
		{2704F49C-2E66-4923-A4C6-9E07B05FC017}.Debug|x64.ActiveCfg = Debug|x64
		{2704F49C-2E66-4923-A4C6-9E07B05FC017}.Debug|x64.Build.0 = Debug|x64
		{2704F49C-2E66-4923-A4C6-9E07B05FC017}.Debug|x86.ActiveCfg = Debug|x64
		{2704F49C-2E66-4923-A4C6-9E07B05FC017}.Debug|x86.Build.0 = Debug|x64
		{2704F49C-2E66-4923-A4C6-9E07B05FC017}.Release|Any CPU.ActiveCfg = Release|x64
		{2704F49C-2E66-4923-A4C6-9E07B05FC017}.Release|Any CPU.Build.0 = Release|x64
		{2704F49C-2E66-4923-A4C6-9E07B05FC017}.Release|x64.ActiveCfg = Release|x64
		{2704F49C-2E66-4923-A4C6-9E07B05FC017}.Release|x64.Build.0 = Release|x64
		{2704F49C-2E66-4923-A4C6-9E07B05FC017}.Release|x86.ActiveCfg = Release|x64
		{2704F49C-2E66-4923-A4C6-9E07B05FC017}.Release|x86.Build.0 = Release|x64
		{2704F49C-2E66-4923-A4C6-9E07B05FC017}.Release-NET35|Any CPU.ActiveCfg = Release|x64
		{2704F49C-2E66-4923-A4C6-9E07B05FC017}.Release-NET35|Any CPU.Build.0 = Release|x64
		{2704F49C-2E66-4923-A4C6-9E07B05FC017}.Release-NET35|x64.ActiveCfg = Release|x64
		{2704F49C-2E66-4923-A4C6-9E07B05FC017}.Release-NET35|x64.Build.0 = Release|x64
		{2704F49C-2E66-4923-A4C6-9E07B05FC017}.Release-NET35|x86.ActiveCfg = Release|x64
		{2704F49C-2E66-4923-A4C6-9E07B05FC017}.Release-NET35|x86.Build.0 = Release|x64
		{D89C8286-2978-465B-89C9-8836A837C06B}.Debug|Any CPU.ActiveCfg = Debug|x64
		{D89C8286-2978-465B-89C9-8836A837C06B}.Debug|Any CPU.Build.0 = Debug|x64
		{D89C8286-2978-465B-89C9-8836A837C06B}.Debug|x64.ActiveCfg = Debug|x64
		{D89C8286-2978-465B-89C9-8836A837C06B}.Debug|x64.Build.0 = Debug|x64
		{D89C8286-2978-465B-89C9-8836A837C06B}.Debug|x86.ActiveCfg = Debug|x64
		{D89C8286-2978-465B-89C9-8836A837C06B}.Release|Any CPU.ActiveCfg = Release|x64
		{D89C8286-2978-465B-89C9-8836A837C06B}.Release|x64.ActiveCfg = Release|x64
		{D89C8286-2978-465B-89C9-8836A837C06B}.Release|x64.Build.0 = Release|x64
		{D89C8286-2978-465B-89C9-8836A837C06B}.Release|x86.ActiveCfg = Release|x64
		{D89C8286-2978-465B-89C9-8836A837C06B}.Release-NET35|Any CPU.ActiveCfg = Release|x64
		{D89C8286-2978-465B-89C9-8836A837C06B}.Release-NET35|Any CPU.Build.0 = Release|x64
		{D89C8286-2978-465B-89C9-8836A837C06B}.Release-NET35|x64.ActiveCfg = Release|x64
		{D89C8286-2978-465B-89C9-8836A837C06B}.Release-NET35|x64.Build.0 = Release|x64
		{D89C8286-2978-465B-89C9-8836A837C06B}.Release-NET35|x86.ActiveCfg = Release|x64
		{D89C8286-2978-465B-89C9-8836A837C06B}.Release-NET35|x86.Build.0 = Release|x64
		{28C00774-1E73-4A75-AD8F-844CD21A064D}.Debug|Any CPU.ActiveCfg = Debug|Any CPU
		{28C00774-1E73-4A75-AD8F-844CD21A064D}.Debug|Any CPU.Build.0 = Debug|Any CPU
		{28C00774-1E73-4A75-AD8F-844CD21A064D}.Debug|x64.ActiveCfg = Debug|Any CPU
		{28C00774-1E73-4A75-AD8F-844CD21A064D}.Debug|x64.Build.0 = Debug|Any CPU
		{28C00774-1E73-4A75-AD8F-844CD21A064D}.Debug|x86.ActiveCfg = Debug|Any CPU
		{28C00774-1E73-4A75-AD8F-844CD21A064D}.Debug|x86.Build.0 = Debug|Any CPU
		{28C00774-1E73-4A75-AD8F-844CD21A064D}.Release|Any CPU.ActiveCfg = Release|Any CPU
		{28C00774-1E73-4A75-AD8F-844CD21A064D}.Release|Any CPU.Build.0 = Release|Any CPU
		{28C00774-1E73-4A75-AD8F-844CD21A064D}.Release|x64.ActiveCfg = Release|Any CPU
		{28C00774-1E73-4A75-AD8F-844CD21A064D}.Release|x64.Build.0 = Release|Any CPU
		{28C00774-1E73-4A75-AD8F-844CD21A064D}.Release|x86.ActiveCfg = Release|Any CPU
		{28C00774-1E73-4A75-AD8F-844CD21A064D}.Release|x86.Build.0 = Release|Any CPU
		{28C00774-1E73-4A75-AD8F-844CD21A064D}.Release-NET35|Any CPU.ActiveCfg = Release|Any CPU
		{28C00774-1E73-4A75-AD8F-844CD21A064D}.Release-NET35|Any CPU.Build.0 = Release|Any CPU
		{28C00774-1E73-4A75-AD8F-844CD21A064D}.Release-NET35|x64.ActiveCfg = Release|Any CPU
		{28C00774-1E73-4A75-AD8F-844CD21A064D}.Release-NET35|x64.Build.0 = Release|Any CPU
		{28C00774-1E73-4A75-AD8F-844CD21A064D}.Release-NET35|x86.ActiveCfg = Release|Any CPU
		{28C00774-1E73-4A75-AD8F-844CD21A064D}.Release-NET35|x86.Build.0 = Release|Any CPU
		{7D6918E9-1494-41E9-9BEB-638616110A60}.Debug|Any CPU.ActiveCfg = Debug|x64
		{7D6918E9-1494-41E9-9BEB-638616110A60}.Debug|x64.ActiveCfg = Debug|x64
		{7D6918E9-1494-41E9-9BEB-638616110A60}.Debug|x64.Build.0 = Debug|x64
		{7D6918E9-1494-41E9-9BEB-638616110A60}.Debug|x86.ActiveCfg = Debug|x64
		{7D6918E9-1494-41E9-9BEB-638616110A60}.Release|Any CPU.ActiveCfg = Release|x64
		{7D6918E9-1494-41E9-9BEB-638616110A60}.Release|x64.ActiveCfg = Release|x64
		{7D6918E9-1494-41E9-9BEB-638616110A60}.Release|x64.Build.0 = Release|x64
		{7D6918E9-1494-41E9-9BEB-638616110A60}.Release|x86.ActiveCfg = Release|x64
		{7D6918E9-1494-41E9-9BEB-638616110A60}.Release-NET35|Any CPU.ActiveCfg = Release|x64
		{7D6918E9-1494-41E9-9BEB-638616110A60}.Release-NET35|Any CPU.Build.0 = Release|x64
		{7D6918E9-1494-41E9-9BEB-638616110A60}.Release-NET35|x64.ActiveCfg = Release|x64
		{7D6918E9-1494-41E9-9BEB-638616110A60}.Release-NET35|x64.Build.0 = Release|x64
		{7D6918E9-1494-41E9-9BEB-638616110A60}.Release-NET35|x86.ActiveCfg = Release|x64
		{7D6918E9-1494-41E9-9BEB-638616110A60}.Release-NET35|x86.Build.0 = Release|x64
		{FBFFB969-00ED-4568-8FD0-65A699AACA18}.Debug|Any CPU.ActiveCfg = Debug|Any CPU
		{FBFFB969-00ED-4568-8FD0-65A699AACA18}.Debug|Any CPU.Build.0 = Debug|Any CPU
		{FBFFB969-00ED-4568-8FD0-65A699AACA18}.Debug|x64.ActiveCfg = Debug|Any CPU
		{FBFFB969-00ED-4568-8FD0-65A699AACA18}.Debug|x64.Build.0 = Debug|Any CPU
		{FBFFB969-00ED-4568-8FD0-65A699AACA18}.Debug|x86.ActiveCfg = Debug|Any CPU
		{FBFFB969-00ED-4568-8FD0-65A699AACA18}.Debug|x86.Build.0 = Debug|Any CPU
		{FBFFB969-00ED-4568-8FD0-65A699AACA18}.Release|Any CPU.ActiveCfg = Release|Any CPU
		{FBFFB969-00ED-4568-8FD0-65A699AACA18}.Release|Any CPU.Build.0 = Release|Any CPU
		{FBFFB969-00ED-4568-8FD0-65A699AACA18}.Release|x64.ActiveCfg = Release|Any CPU
		{FBFFB969-00ED-4568-8FD0-65A699AACA18}.Release|x64.Build.0 = Release|Any CPU
		{FBFFB969-00ED-4568-8FD0-65A699AACA18}.Release|x86.ActiveCfg = Release|Any CPU
		{FBFFB969-00ED-4568-8FD0-65A699AACA18}.Release|x86.Build.0 = Release|Any CPU
		{FBFFB969-00ED-4568-8FD0-65A699AACA18}.Release-NET35|Any CPU.ActiveCfg = Release|Any CPU
		{FBFFB969-00ED-4568-8FD0-65A699AACA18}.Release-NET35|Any CPU.Build.0 = Release|Any CPU
		{FBFFB969-00ED-4568-8FD0-65A699AACA18}.Release-NET35|x64.ActiveCfg = Release|Any CPU
		{FBFFB969-00ED-4568-8FD0-65A699AACA18}.Release-NET35|x64.Build.0 = Release|Any CPU
		{FBFFB969-00ED-4568-8FD0-65A699AACA18}.Release-NET35|x86.ActiveCfg = Release|Any CPU
		{FBFFB969-00ED-4568-8FD0-65A699AACA18}.Release-NET35|x86.Build.0 = Release|Any CPU
		{46D46127-2623-465E-B51B-FC4BD1888A95}.Debug|Any CPU.ActiveCfg = Debug|x64
		{46D46127-2623-465E-B51B-FC4BD1888A95}.Debug|x64.ActiveCfg = Debug|x64
		{46D46127-2623-465E-B51B-FC4BD1888A95}.Debug|x64.Build.0 = Debug|x64
		{46D46127-2623-465E-B51B-FC4BD1888A95}.Debug|x86.ActiveCfg = Debug|x64
		{46D46127-2623-465E-B51B-FC4BD1888A95}.Release|Any CPU.ActiveCfg = Release|x64
		{46D46127-2623-465E-B51B-FC4BD1888A95}.Release|x64.ActiveCfg = Release|x64
		{46D46127-2623-465E-B51B-FC4BD1888A95}.Release|x64.Build.0 = Release|x64
		{46D46127-2623-465E-B51B-FC4BD1888A95}.Release|x86.ActiveCfg = Release|x64
		{46D46127-2623-465E-B51B-FC4BD1888A95}.Release-NET35|Any CPU.ActiveCfg = Release|x64
		{46D46127-2623-465E-B51B-FC4BD1888A95}.Release-NET35|Any CPU.Build.0 = Release|x64
		{46D46127-2623-465E-B51B-FC4BD1888A95}.Release-NET35|x64.ActiveCfg = Release|x64
		{46D46127-2623-465E-B51B-FC4BD1888A95}.Release-NET35|x64.Build.0 = Release|x64
		{46D46127-2623-465E-B51B-FC4BD1888A95}.Release-NET35|x86.ActiveCfg = Release|x64
		{46D46127-2623-465E-B51B-FC4BD1888A95}.Release-NET35|x86.Build.0 = Release|x64
		{845E1258-3D82-441F-A360-A3140873B9B4}.Debug|Any CPU.ActiveCfg = Debug|Any CPU
		{845E1258-3D82-441F-A360-A3140873B9B4}.Debug|Any CPU.Build.0 = Debug|Any CPU
		{845E1258-3D82-441F-A360-A3140873B9B4}.Debug|x64.ActiveCfg = Debug|Any CPU
		{845E1258-3D82-441F-A360-A3140873B9B4}.Debug|x64.Build.0 = Debug|Any CPU
		{845E1258-3D82-441F-A360-A3140873B9B4}.Debug|x86.ActiveCfg = Debug|Any CPU
		{845E1258-3D82-441F-A360-A3140873B9B4}.Debug|x86.Build.0 = Debug|Any CPU
		{845E1258-3D82-441F-A360-A3140873B9B4}.Release|Any CPU.ActiveCfg = Release|Any CPU
		{845E1258-3D82-441F-A360-A3140873B9B4}.Release|Any CPU.Build.0 = Release|Any CPU
		{845E1258-3D82-441F-A360-A3140873B9B4}.Release|x64.ActiveCfg = Release|Any CPU
		{845E1258-3D82-441F-A360-A3140873B9B4}.Release|x64.Build.0 = Release|Any CPU
		{845E1258-3D82-441F-A360-A3140873B9B4}.Release|x86.ActiveCfg = Release|Any CPU
		{845E1258-3D82-441F-A360-A3140873B9B4}.Release|x86.Build.0 = Release|Any CPU
		{845E1258-3D82-441F-A360-A3140873B9B4}.Release-NET35|Any CPU.ActiveCfg = Release|Any CPU
		{845E1258-3D82-441F-A360-A3140873B9B4}.Release-NET35|Any CPU.Build.0 = Release|Any CPU
		{845E1258-3D82-441F-A360-A3140873B9B4}.Release-NET35|x64.ActiveCfg = Release|Any CPU
		{845E1258-3D82-441F-A360-A3140873B9B4}.Release-NET35|x64.Build.0 = Release|Any CPU
		{845E1258-3D82-441F-A360-A3140873B9B4}.Release-NET35|x86.ActiveCfg = Release|Any CPU
		{845E1258-3D82-441F-A360-A3140873B9B4}.Release-NET35|x86.Build.0 = Release|Any CPU
		{85E871AD-0799-46F9-A613-7EE3A834E331}.Debug|Any CPU.ActiveCfg = Debug|Any CPU
		{85E871AD-0799-46F9-A613-7EE3A834E331}.Debug|Any CPU.Build.0 = Debug|Any CPU
		{85E871AD-0799-46F9-A613-7EE3A834E331}.Debug|x64.ActiveCfg = Debug|Any CPU
		{85E871AD-0799-46F9-A613-7EE3A834E331}.Debug|x64.Build.0 = Debug|Any CPU
		{85E871AD-0799-46F9-A613-7EE3A834E331}.Debug|x86.ActiveCfg = Debug|Any CPU
		{85E871AD-0799-46F9-A613-7EE3A834E331}.Debug|x86.Build.0 = Debug|Any CPU
		{85E871AD-0799-46F9-A613-7EE3A834E331}.Release|Any CPU.ActiveCfg = Release|Any CPU
		{85E871AD-0799-46F9-A613-7EE3A834E331}.Release|Any CPU.Build.0 = Release|Any CPU
		{85E871AD-0799-46F9-A613-7EE3A834E331}.Release|x64.ActiveCfg = Release|Any CPU
		{85E871AD-0799-46F9-A613-7EE3A834E331}.Release|x64.Build.0 = Release|Any CPU
		{85E871AD-0799-46F9-A613-7EE3A834E331}.Release|x86.ActiveCfg = Release|Any CPU
		{85E871AD-0799-46F9-A613-7EE3A834E331}.Release|x86.Build.0 = Release|Any CPU
		{85E871AD-0799-46F9-A613-7EE3A834E331}.Release-NET35|Any CPU.ActiveCfg = Release|Any CPU
		{85E871AD-0799-46F9-A613-7EE3A834E331}.Release-NET35|Any CPU.Build.0 = Release|Any CPU
		{85E871AD-0799-46F9-A613-7EE3A834E331}.Release-NET35|x64.ActiveCfg = Release|Any CPU
		{85E871AD-0799-46F9-A613-7EE3A834E331}.Release-NET35|x64.Build.0 = Release|Any CPU
		{85E871AD-0799-46F9-A613-7EE3A834E331}.Release-NET35|x86.ActiveCfg = Release|Any CPU
		{85E871AD-0799-46F9-A613-7EE3A834E331}.Release-NET35|x86.Build.0 = Release|Any CPU
	EndGlobalSection
	GlobalSection(SolutionProperties) = preSolution
		HideSolutionNode = FALSE
	EndGlobalSection
	GlobalSection(NestedProjects) = preSolution
		{83F16175-43B1-4C90-A1EE-8E351C33435D} = {A6A6AF7D-D6E3-442D-9B1E-58CC91879BE1}
		{8E6D5255-776D-4B61-85F9-73C37AA1FB9A} = {A6A6AF7D-D6E3-442D-9B1E-58CC91879BE1}
	EndGlobalSection
	GlobalSection(MonoDevelopProperties) = preSolution
		Policies = $0
		$0.TextStylePolicy = $1
		$1.FileWidth = 120
		$1.TabWidth = 2
		$1.IndentWidth = 2
		$1.inheritsSet = VisualStudio
		$1.inheritsScope = text/plain
		$1.scope = text/x-fsharp
		$0.FSharpFormattingPolicy = $2
		$2.DefaultFormat = $3
		$3.IndentOnTryWith = False
		$3.ReorderOpenDeclaration = False
		$3.SpaceAfterComma = True
		$3.SpaceAfterSemicolon = True
		$3.SpaceAroundDelimiter = True
		$3.SpaceBeforeArgument = True
		$3.SpaceBeforeColon = True
		$2.scope = text/x-fsharp
	EndGlobalSection
EndGlobal
