
Microsoft Visual Studio Solution File, Format Version 12.00
# Visual Studio 2013
VisualStudioVersion = 12.0.31101.0
MinimumVisualStudioVersion = 10.0.40219.1
Project("{FAE04EC0-301F-11D3-BF4B-00C04F79EFBC}") = "log4net.RabbitMQ", "log4net.RabbitMQ\log4net.RabbitMQ.csproj", "{4F906D5D-C6CC-4A95-B2F3-C7C4A5576A38}"
EndProject
Project("{FAE04EC0-301F-11D3-BF4B-00C04F79EFBC}") = "log4net.RabbitMQ.Tests", "log4net.RabbitMQ.Tests\log4net.RabbitMQ.Tests.csproj", "{8D448B5B-0AFF-49EA-A464-F02D0CE54820}"
EndProject
Project("{2150E333-8FDC-42A3-9474-1A3956D46DE8}") = "Docs", "Docs", "{7E19A65D-FA72-4E97-ACD7-9FBF5056771B}"
	ProjectSection(SolutionItems) = preProject
		..\README.md = ..\README.md
	EndProjectSection
EndProject
Project("{2150E333-8FDC-42A3-9474-1A3956D46DE8}") = "Samples", "Samples", "{651F2627-B730-48E0-B49B-E8B6CA89811D}"
EndProject
Project("{FAE04EC0-301F-11D3-BF4B-00C04F79EFBC}") = "log4net.RabbitMQ.Listener", "samples\log4net.RabbitMQ.Listener\log4net.RabbitMQ.Listener.csproj", "{103B0478-1305-4078-B86E-50F67A7E3336}"
EndProject
Project("{FAE04EC0-301F-11D3-BF4B-00C04F79EFBC}") = "log4net.RabbitMQ.SampleWeb", "samples\log4net.RabbitMQ.SampleWeb\log4net.RabbitMQ.SampleWeb.csproj", "{EAE398C0-0F21-4CA7-BC39-18F47CC1E8E4}"
EndProject
Project("{2150E333-8FDC-42A3-9474-1A3956D46DE8}") = ".nuget", ".nuget", "{D9093A0A-2105-41E9-8ACF-765DEF7178AD}"
	ProjectSection(SolutionItems) = preProject
		.nuget\packages.config = .nuget\packages.config
	EndProjectSection
EndProject
Global
	GlobalSection(SolutionConfigurationPlatforms) = preSolution
		Debug|Any CPU = Debug|Any CPU
		Debug|Mixed Platforms = Debug|Mixed Platforms
		Debug|x86 = Debug|x86
		Release|Any CPU = Release|Any CPU
		Release|Mixed Platforms = Release|Mixed Platforms
		Release|x86 = Release|x86
	EndGlobalSection
	GlobalSection(ProjectConfigurationPlatforms) = postSolution
		{4F906D5D-C6CC-4A95-B2F3-C7C4A5576A38}.Debug|Any CPU.ActiveCfg = Debug|Any CPU
		{4F906D5D-C6CC-4A95-B2F3-C7C4A5576A38}.Debug|Any CPU.Build.0 = Debug|Any CPU
		{4F906D5D-C6CC-4A95-B2F3-C7C4A5576A38}.Debug|Mixed Platforms.ActiveCfg = Debug|Any CPU
		{4F906D5D-C6CC-4A95-B2F3-C7C4A5576A38}.Debug|Mixed Platforms.Build.0 = Debug|Any CPU
		{4F906D5D-C6CC-4A95-B2F3-C7C4A5576A38}.Debug|x86.ActiveCfg = Debug|Any CPU
		{4F906D5D-C6CC-4A95-B2F3-C7C4A5576A38}.Release|Any CPU.ActiveCfg = Release|Any CPU
		{4F906D5D-C6CC-4A95-B2F3-C7C4A5576A38}.Release|Any CPU.Build.0 = Release|Any CPU
		{4F906D5D-C6CC-4A95-B2F3-C7C4A5576A38}.Release|Mixed Platforms.ActiveCfg = Release|Any CPU
		{4F906D5D-C6CC-4A95-B2F3-C7C4A5576A38}.Release|Mixed Platforms.Build.0 = Release|Any CPU
		{4F906D5D-C6CC-4A95-B2F3-C7C4A5576A38}.Release|x86.ActiveCfg = Release|Any CPU
		{8D448B5B-0AFF-49EA-A464-F02D0CE54820}.Debug|Any CPU.ActiveCfg = Debug|Any CPU
		{8D448B5B-0AFF-49EA-A464-F02D0CE54820}.Debug|Any CPU.Build.0 = Debug|Any CPU
		{8D448B5B-0AFF-49EA-A464-F02D0CE54820}.Debug|Mixed Platforms.ActiveCfg = Debug|Any CPU
		{8D448B5B-0AFF-49EA-A464-F02D0CE54820}.Debug|Mixed Platforms.Build.0 = Debug|Any CPU
		{8D448B5B-0AFF-49EA-A464-F02D0CE54820}.Debug|x86.ActiveCfg = Debug|Any CPU
		{8D448B5B-0AFF-49EA-A464-F02D0CE54820}.Release|Any CPU.ActiveCfg = Release|Any CPU
		{8D448B5B-0AFF-49EA-A464-F02D0CE54820}.Release|Any CPU.Build.0 = Release|Any CPU
		{8D448B5B-0AFF-49EA-A464-F02D0CE54820}.Release|Mixed Platforms.ActiveCfg = Release|Any CPU
		{8D448B5B-0AFF-49EA-A464-F02D0CE54820}.Release|Mixed Platforms.Build.0 = Release|Any CPU
		{8D448B5B-0AFF-49EA-A464-F02D0CE54820}.Release|x86.ActiveCfg = Release|Any CPU
		{103B0478-1305-4078-B86E-50F67A7E3336}.Debug|Any CPU.ActiveCfg = Debug|x86
		{103B0478-1305-4078-B86E-50F67A7E3336}.Debug|Mixed Platforms.ActiveCfg = Debug|x86
		{103B0478-1305-4078-B86E-50F67A7E3336}.Debug|Mixed Platforms.Build.0 = Debug|x86
		{103B0478-1305-4078-B86E-50F67A7E3336}.Debug|x86.ActiveCfg = Debug|x86
		{103B0478-1305-4078-B86E-50F67A7E3336}.Debug|x86.Build.0 = Debug|x86
		{103B0478-1305-4078-B86E-50F67A7E3336}.Release|Any CPU.ActiveCfg = Release|x86
		{103B0478-1305-4078-B86E-50F67A7E3336}.Release|Mixed Platforms.ActiveCfg = Release|x86
		{103B0478-1305-4078-B86E-50F67A7E3336}.Release|Mixed Platforms.Build.0 = Release|x86
		{103B0478-1305-4078-B86E-50F67A7E3336}.Release|x86.ActiveCfg = Release|x86
		{103B0478-1305-4078-B86E-50F67A7E3336}.Release|x86.Build.0 = Release|x86
		{EAE398C0-0F21-4CA7-BC39-18F47CC1E8E4}.Debug|Any CPU.ActiveCfg = Debug|Any CPU
		{EAE398C0-0F21-4CA7-BC39-18F47CC1E8E4}.Debug|Any CPU.Build.0 = Debug|Any CPU
		{EAE398C0-0F21-4CA7-BC39-18F47CC1E8E4}.Debug|Mixed Platforms.ActiveCfg = Debug|Any CPU
		{EAE398C0-0F21-4CA7-BC39-18F47CC1E8E4}.Debug|Mixed Platforms.Build.0 = Debug|Any CPU
		{EAE398C0-0F21-4CA7-BC39-18F47CC1E8E4}.Debug|x86.ActiveCfg = Debug|Any CPU
		{EAE398C0-0F21-4CA7-BC39-18F47CC1E8E4}.Release|Any CPU.ActiveCfg = Release|Any CPU
		{EAE398C0-0F21-4CA7-BC39-18F47CC1E8E4}.Release|Any CPU.Build.0 = Release|Any CPU
		{EAE398C0-0F21-4CA7-BC39-18F47CC1E8E4}.Release|Mixed Platforms.ActiveCfg = Release|Any CPU
		{EAE398C0-0F21-4CA7-BC39-18F47CC1E8E4}.Release|x86.ActiveCfg = Release|Any CPU
	EndGlobalSection
	GlobalSection(SolutionProperties) = preSolution
		HideSolutionNode = FALSE
	EndGlobalSection
	GlobalSection(NestedProjects) = preSolution
		{103B0478-1305-4078-B86E-50F67A7E3336} = {651F2627-B730-48E0-B49B-E8B6CA89811D}
		{EAE398C0-0F21-4CA7-BC39-18F47CC1E8E4} = {651F2627-B730-48E0-B49B-E8B6CA89811D}
	EndGlobalSection
EndGlobal
